
Microsoft Visual Studio Solution File, Format Version 12.00
# Visual Studio 2013
VisualStudioVersion = 12.0.31101.0
MinimumVisualStudioVersion = 10.0.40219.1
Project("{2150E333-8FDC-42A3-9474-1A3956D46DE8}") = "ApplicationServices", "ApplicationServices", "{12DD4DC5-CEF0-4D89-9AD0-AFCA5DA023DE}"
EndProject
Project("{2150E333-8FDC-42A3-9474-1A3956D46DE8}") = "InfraStructure", "InfraStructure", "{58ECC696-DC14-45C2-9AF9-647C6FFA1291}"
EndProject
Project("{2150E333-8FDC-42A3-9474-1A3956D46DE8}") = "Interfaces", "Interfaces", "{814C4A9D-D726-4791-9C28-D988CD44200B}"
EndProject
Project("{2150E333-8FDC-42A3-9474-1A3956D46DE8}") = "Model", "Model", "{15B38D55-0F1C-4D1A-8588-CB909BADAB39}"
EndProject
Project("{2150E333-8FDC-42A3-9474-1A3956D46DE8}") = "Presentation", "Presentation", "{719139C1-2D08-47E3-8103-1E185C704556}"
EndProject
Project("{FAE04EC0-301F-11D3-BF4B-00C04F79EFBC}") = "BTE.RMS.Services", "BTE.RMS.Services\BTE.RMS.Services.csproj", "{49791D15-926F-4B4D-A6BD-26703CFE09ED}"
EndProject
Project("{2150E333-8FDC-42A3-9474-1A3956D46DE8}") = "Migration", "Migration", "{90486965-B3F6-472D-9C18-26AC4A15F657}"
EndProject
Project("{2150E333-8FDC-42A3-9474-1A3956D46DE8}") = "Persistence", "Persistence", "{ABBD2AE0-E79B-4ABF-864A-F00475B5DF04}"
EndProject
Project("{FAE04EC0-301F-11D3-BF4B-00C04F79EFBC}") = "BTE.RMS.Migration", "BTE.RMS.Migration\BTE.RMS.Migration.csproj", "{C16FEEF1-9EFE-4716-9A55-F43936B9BB1E}"
EndProject
Project("{FAE04EC0-301F-11D3-BF4B-00C04F79EFBC}") = "BTE.RMS.Persistence", "BTE.RMS.Persistence\BTE.RMS.Persistence.csproj", "{D3041321-55D1-48A5-9B0F-9AACA8FF2B80}"
EndProject
Project("{FAE04EC0-301F-11D3-BF4B-00C04F79EFBC}") = "BTE.RMS.Interface", "BTE.RMS.Interface\BTE.RMS.Interface.csproj", "{52DBC983-85E1-4048-8E88-5C4F4038C500}"
EndProject
Project("{FAE04EC0-301F-11D3-BF4B-00C04F79EFBC}") = "BTE.RMS.Model", "BTE.RMS.Model\BTE.RMS.Model.csproj", "{09EB7E31-D4BF-4D3F-A33D-799A3E189B29}"
EndProject
Project("{FAE04EC0-301F-11D3-BF4B-00C04F79EFBC}") = "BTE.RMS.Presentation", "BTE.RMS.Presentation\BTE.RMS.Presentation.csproj", "{DD37AC11-670F-41EB-A1B8-6561B024BC05}"
EndProject
Project("{2150E333-8FDC-42A3-9474-1A3956D46DE8}") = "Library", "Library", "{30E3BA57-BFCB-4996-8ACD-66BEE71FCDEE}"
EndProject
Project("{FAE04EC0-301F-11D3-BF4B-00C04F79EFBC}") = "BTE.Core", "BTE.Core\BTE.Core.csproj", "{CD9EBE3F-8EBB-4B91-8171-8450EE694EC1}"
EndProject
Project("{FAE04EC0-301F-11D3-BF4B-00C04F79EFBC}") = "BTE.RMS.Presentation.WPF", "BTE.RMS.Presentation.WPF\BTE.RMS.Presentation.WPF.csproj", "{8E6CBDED-C048-4CDF-BCE0-D444B1ED149D}"
EndProject
Project("{FAE04EC0-301F-11D3-BF4B-00C04F79EFBC}") = "BTE.RMS.Interface.WebApi.Host", "BTE.RMS.Interface.WebApi.Host\BTE.RMS.Interface.WebApi.Host.csproj", "{9D6F1DA5-EDB2-45FF-B355-0F391F8ED7DC}"
EndProject
Project("{FAE04EC0-301F-11D3-BF4B-00C04F79EFBC}") = "BTE.RMS.Interface.Contract", "BTE.RMS.Interface.Contract\BTE.RMS.Interface.Contract.csproj", "{EBB78299-2E06-47D8-A841-8AD65149E10B}"
EndProject
Project("{FAE04EC0-301F-11D3-BF4B-00C04F79EFBC}") = "BTE.RMS.Presentation.Logic.WPF", "BTE.RMS.Presentation.Logic.WPF\BTE.RMS.Presentation.Logic.WPF.csproj", "{FD8CB7BC-0328-4C00-BB44-C5723B356FEC}"
EndProject
Project("{FAE04EC0-301F-11D3-BF4B-00C04F79EFBC}") = "BTE.Presentation", "BTE.Presentation\BTE.Presentation.csproj", "{B35664F4-1135-47AB-9271-0174D9E0A49E}"
EndProject
Global
	GlobalSection(SolutionConfigurationPlatforms) = preSolution
		Debug|Any CPU = Debug|Any CPU
		Release|Any CPU = Release|Any CPU
	EndGlobalSection
	GlobalSection(ProjectConfigurationPlatforms) = postSolution
		{49791D15-926F-4B4D-A6BD-26703CFE09ED}.Debug|Any CPU.ActiveCfg = Debug|Any CPU
		{49791D15-926F-4B4D-A6BD-26703CFE09ED}.Debug|Any CPU.Build.0 = Debug|Any CPU
		{49791D15-926F-4B4D-A6BD-26703CFE09ED}.Release|Any CPU.ActiveCfg = Release|Any CPU
		{49791D15-926F-4B4D-A6BD-26703CFE09ED}.Release|Any CPU.Build.0 = Release|Any CPU
		{C16FEEF1-9EFE-4716-9A55-F43936B9BB1E}.Debug|Any CPU.ActiveCfg = Debug|Any CPU
		{C16FEEF1-9EFE-4716-9A55-F43936B9BB1E}.Debug|Any CPU.Build.0 = Debug|Any CPU
		{C16FEEF1-9EFE-4716-9A55-F43936B9BB1E}.Release|Any CPU.ActiveCfg = Release|Any CPU
		{C16FEEF1-9EFE-4716-9A55-F43936B9BB1E}.Release|Any CPU.Build.0 = Release|Any CPU
		{D3041321-55D1-48A5-9B0F-9AACA8FF2B80}.Debug|Any CPU.ActiveCfg = Debug|Any CPU
		{D3041321-55D1-48A5-9B0F-9AACA8FF2B80}.Debug|Any CPU.Build.0 = Debug|Any CPU
		{D3041321-55D1-48A5-9B0F-9AACA8FF2B80}.Release|Any CPU.ActiveCfg = Release|Any CPU
		{D3041321-55D1-48A5-9B0F-9AACA8FF2B80}.Release|Any CPU.Build.0 = Release|Any CPU
		{52DBC983-85E1-4048-8E88-5C4F4038C500}.Debug|Any CPU.ActiveCfg = Debug|Any CPU
		{52DBC983-85E1-4048-8E88-5C4F4038C500}.Debug|Any CPU.Build.0 = Debug|Any CPU
		{52DBC983-85E1-4048-8E88-5C4F4038C500}.Release|Any CPU.ActiveCfg = Release|Any CPU
		{52DBC983-85E1-4048-8E88-5C4F4038C500}.Release|Any CPU.Build.0 = Release|Any CPU
		{09EB7E31-D4BF-4D3F-A33D-799A3E189B29}.Debug|Any CPU.ActiveCfg = Debug|Any CPU
		{09EB7E31-D4BF-4D3F-A33D-799A3E189B29}.Debug|Any CPU.Build.0 = Debug|Any CPU
		{09EB7E31-D4BF-4D3F-A33D-799A3E189B29}.Release|Any CPU.ActiveCfg = Release|Any CPU
		{09EB7E31-D4BF-4D3F-A33D-799A3E189B29}.Release|Any CPU.Build.0 = Release|Any CPU
		{DD37AC11-670F-41EB-A1B8-6561B024BC05}.Debug|Any CPU.ActiveCfg = Debug|Any CPU
		{DD37AC11-670F-41EB-A1B8-6561B024BC05}.Debug|Any CPU.Build.0 = Debug|Any CPU
		{DD37AC11-670F-41EB-A1B8-6561B024BC05}.Release|Any CPU.ActiveCfg = Release|Any CPU
		{DD37AC11-670F-41EB-A1B8-6561B024BC05}.Release|Any CPU.Build.0 = Release|Any CPU
		{CD9EBE3F-8EBB-4B91-8171-8450EE694EC1}.Debug|Any CPU.ActiveCfg = Debug|Any CPU
		{CD9EBE3F-8EBB-4B91-8171-8450EE694EC1}.Debug|Any CPU.Build.0 = Debug|Any CPU
		{CD9EBE3F-8EBB-4B91-8171-8450EE694EC1}.Release|Any CPU.ActiveCfg = Release|Any CPU
		{CD9EBE3F-8EBB-4B91-8171-8450EE694EC1}.Release|Any CPU.Build.0 = Release|Any CPU
		{8E6CBDED-C048-4CDF-BCE0-D444B1ED149D}.Debug|Any CPU.ActiveCfg = Debug|Any CPU
		{8E6CBDED-C048-4CDF-BCE0-D444B1ED149D}.Debug|Any CPU.Build.0 = Debug|Any CPU
		{8E6CBDED-C048-4CDF-BCE0-D444B1ED149D}.Release|Any CPU.ActiveCfg = Release|Any CPU
		{8E6CBDED-C048-4CDF-BCE0-D444B1ED149D}.Release|Any CPU.Build.0 = Release|Any CPU
		{9D6F1DA5-EDB2-45FF-B355-0F391F8ED7DC}.Debug|Any CPU.ActiveCfg = Debug|Any CPU
		{9D6F1DA5-EDB2-45FF-B355-0F391F8ED7DC}.Debug|Any CPU.Build.0 = Debug|Any CPU
		{9D6F1DA5-EDB2-45FF-B355-0F391F8ED7DC}.Release|Any CPU.ActiveCfg = Release|Any CPU
		{9D6F1DA5-EDB2-45FF-B355-0F391F8ED7DC}.Release|Any CPU.Build.0 = Release|Any CPU
		{EBB78299-2E06-47D8-A841-8AD65149E10B}.Debug|Any CPU.ActiveCfg = Debug|Any CPU
		{EBB78299-2E06-47D8-A841-8AD65149E10B}.Debug|Any CPU.Build.0 = Debug|Any CPU
		{EBB78299-2E06-47D8-A841-8AD65149E10B}.Release|Any CPU.ActiveCfg = Release|Any CPU
		{EBB78299-2E06-47D8-A841-8AD65149E10B}.Release|Any CPU.Build.0 = Release|Any CPU
		{FD8CB7BC-0328-4C00-BB44-C5723B356FEC}.Debug|Any CPU.ActiveCfg = Debug|Any CPU
		{FD8CB7BC-0328-4C00-BB44-C5723B356FEC}.Debug|Any CPU.Build.0 = Debug|Any CPU
		{FD8CB7BC-0328-4C00-BB44-C5723B356FEC}.Release|Any CPU.ActiveCfg = Release|Any CPU
		{FD8CB7BC-0328-4C00-BB44-C5723B356FEC}.Release|Any CPU.Build.0 = Release|Any CPU
		{B35664F4-1135-47AB-9271-0174D9E0A49E}.Debug|Any CPU.ActiveCfg = Debug|Any CPU
		{B35664F4-1135-47AB-9271-0174D9E0A49E}.Debug|Any CPU.Build.0 = Debug|Any CPU
		{B35664F4-1135-47AB-9271-0174D9E0A49E}.Release|Any CPU.ActiveCfg = Release|Any CPU
		{B35664F4-1135-47AB-9271-0174D9E0A49E}.Release|Any CPU.Build.0 = Release|Any CPU
	EndGlobalSection
	GlobalSection(SolutionProperties) = preSolution
		HideSolutionNode = FALSE
	EndGlobalSection
	GlobalSection(NestedProjects) = preSolution
		{49791D15-926F-4B4D-A6BD-26703CFE09ED} = {12DD4DC5-CEF0-4D89-9AD0-AFCA5DA023DE}
		{90486965-B3F6-472D-9C18-26AC4A15F657} = {58ECC696-DC14-45C2-9AF9-647C6FFA1291}
		{ABBD2AE0-E79B-4ABF-864A-F00475B5DF04} = {58ECC696-DC14-45C2-9AF9-647C6FFA1291}
		{C16FEEF1-9EFE-4716-9A55-F43936B9BB1E} = {90486965-B3F6-472D-9C18-26AC4A15F657}
		{D3041321-55D1-48A5-9B0F-9AACA8FF2B80} = {ABBD2AE0-E79B-4ABF-864A-F00475B5DF04}
		{52DBC983-85E1-4048-8E88-5C4F4038C500} = {814C4A9D-D726-4791-9C28-D988CD44200B}
		{09EB7E31-D4BF-4D3F-A33D-799A3E189B29} = {15B38D55-0F1C-4D1A-8588-CB909BADAB39}
		{DD37AC11-670F-41EB-A1B8-6561B024BC05} = {719139C1-2D08-47E3-8103-1E185C704556}
		{CD9EBE3F-8EBB-4B91-8171-8450EE694EC1} = {30E3BA57-BFCB-4996-8ACD-66BEE71FCDEE}
		{8E6CBDED-C048-4CDF-BCE0-D444B1ED149D} = {719139C1-2D08-47E3-8103-1E185C704556}
		{9D6F1DA5-EDB2-45FF-B355-0F391F8ED7DC} = {814C4A9D-D726-4791-9C28-D988CD44200B}
		{EBB78299-2E06-47D8-A841-8AD65149E10B} = {814C4A9D-D726-4791-9C28-D988CD44200B}
		{FD8CB7BC-0328-4C00-BB44-C5723B356FEC} = {719139C1-2D08-47E3-8103-1E185C704556}
		{B35664F4-1135-47AB-9271-0174D9E0A49E} = {30E3BA57-BFCB-4996-8ACD-66BEE71FCDEE}
	EndGlobalSection
EndGlobal
