
Microsoft Visual Studio Solution File, Format Version 12.00
# Visual Studio 2013
VisualStudioVersion = 12.0.31101.0
MinimumVisualStudioVersion = 10.0.40219.1
Project("{2150E333-8FDC-42A3-9474-1A3956D46DE8}") = "ApplicationServices", "ApplicationServices", "{12DD4DC5-CEF0-4D89-9AD0-AFCA5DA023DE}"
EndProject
Project("{2150E333-8FDC-42A3-9474-1A3956D46DE8}") = "InfraStructure", "InfraStructure", "{58ECC696-DC14-45C2-9AF9-647C6FFA1291}"
EndProject
Project("{2150E333-8FDC-42A3-9474-1A3956D46DE8}") = "Interfaces", "Interfaces", "{814C4A9D-D726-4791-9C28-D988CD44200B}"
EndProject
Project("{2150E333-8FDC-42A3-9474-1A3956D46DE8}") = "Model", "Model", "{15B38D55-0F1C-4D1A-8588-CB909BADAB39}"
EndProject
Project("{2150E333-8FDC-42A3-9474-1A3956D46DE8}") = "Presentation", "Presentation", "{719139C1-2D08-47E3-8103-1E185C704556}"
EndProject
Project("{FAE04EC0-301F-11D3-BF4B-00C04F79EFBC}") = "BTE.RMS.Services", "BTE.RMS.Services\BTE.RMS.Services.csproj", "{49791D15-926F-4B4D-A6BD-26703CFE09ED}"
EndProject
Project("{2150E333-8FDC-42A3-9474-1A3956D46DE8}") = "Migration", "Migration", "{90486965-B3F6-472D-9C18-26AC4A15F657}"
EndProject
Project("{2150E333-8FDC-42A3-9474-1A3956D46DE8}") = "Persistence", "Persistence", "{ABBD2AE0-E79B-4ABF-864A-F00475B5DF04}"
EndProject
Project("{FAE04EC0-301F-11D3-BF4B-00C04F79EFBC}") = "BTE.RMS.Migration", "BTE.RMS.Migration\BTE.RMS.Migration.csproj", "{C16FEEF1-9EFE-4716-9A55-F43936B9BB1E}"
EndProject
Project("{FAE04EC0-301F-11D3-BF4B-00C04F79EFBC}") = "BTE.RMS.Persistence", "BTE.RMS.Persistence\BTE.RMS.Persistence.csproj", "{D3041321-55D1-48A5-9B0F-9AACA8FF2B80}"
EndProject
Project("{FAE04EC0-301F-11D3-BF4B-00C04F79EFBC}") = "BTE.RMS.Interface", "BTE.RMS.Interface\BTE.RMS.Interface.csproj", "{52DBC983-85E1-4048-8E88-5C4F4038C500}"
EndProject
Project("{FAE04EC0-301F-11D3-BF4B-00C04F79EFBC}") = "BTE.RMS.Model", "BTE.RMS.Model\BTE.RMS.Model.csproj", "{09EB7E31-D4BF-4D3F-A33D-799A3E189B29}"
EndProject
Project("{2150E333-8FDC-42A3-9474-1A3956D46DE8}") = "Library", "Library", "{30E3BA57-BFCB-4996-8ACD-66BEE71FCDEE}"
EndProject
Project("{FAE04EC0-301F-11D3-BF4B-00C04F79EFBC}") = "BTE.Core", "BTE.Core\BTE.Core.csproj", "{CD9EBE3F-8EBB-4B91-8171-8450EE694EC1}"
EndProject
Project("{FAE04EC0-301F-11D3-BF4B-00C04F79EFBC}") = "BTE.RMS.Presentation.WPF", "BTE.RMS.Presentation.WPF\BTE.RMS.Presentation.WPF.csproj", "{8E6CBDED-C048-4CDF-BCE0-D444B1ED149D}"
EndProject
Project("{FAE04EC0-301F-11D3-BF4B-00C04F79EFBC}") = "BTE.RMS.Interface.WebApi.Host", "BTE.RMS.Interface.WebApi.Host\BTE.RMS.Interface.WebApi.Host.csproj", "{9D6F1DA5-EDB2-45FF-B355-0F391F8ED7DC}"
EndProject
Project("{FAE04EC0-301F-11D3-BF4B-00C04F79EFBC}") = "BTE.RMS.Interface.Contract", "BTE.RMS.Interface.Contract\BTE.RMS.Interface.Contract.csproj", "{EBB78299-2E06-47D8-A841-8AD65149E10B}"
EndProject
Project("{FAE04EC0-301F-11D3-BF4B-00C04F79EFBC}") = "BTE.RMS.Presentation.Logic.WPF", "BTE.RMS.Presentation.Logic.WPF\BTE.RMS.Presentation.Logic.WPF.csproj", "{FD8CB7BC-0328-4C00-BB44-C5723B356FEC}"
EndProject
Project("{FAE04EC0-301F-11D3-BF4B-00C04F79EFBC}") = "BTE.Presentation", "BTE.Presentation\BTE.Presentation.csproj", "{B35664F4-1135-47AB-9271-0174D9E0A49E}"
EndProject
Project("{2150E333-8FDC-42A3-9474-1A3956D46DE8}") = "WPF", "WPF", "{7F5B591D-1D30-40EF-9A4B-7BAE93CEAF93}"
EndProject
Project("{FAE04EC0-301F-11D3-BF4B-00C04F79EFBC}") = "BTE.Presentation.UI.WPF", "BTE.Presentation.UI.WPF\BTE.Presentation.UI.WPF.csproj", "{129ECD58-E1DF-4073-838D-B2EA55E4B402}"
EndProject
Project("{2150E333-8FDC-42A3-9474-1A3956D46DE8}") = "Mobile", "Mobile", "{8F2635BE-E5B5-4F84-8C63-D5952F2B50EC}"
EndProject
Project("{FAE04EC0-301F-11D3-BF4B-00C04F79EFBC}") = "BTE.Presentation.Portable", "BTE.Presentation.Portable\BTE.Presentation.Portable.csproj", "{67F9D3A8-F71E-4428-913F-C37AE82CDB24}"
EndProject
Project("{FAE04EC0-301F-11D3-BF4B-00C04F79EFBC}") = "BTE.RMS.Presentation", "BTE.RMS.Presentation\BTE.RMS.Presentation\BTE.RMS.Presentation.csproj", "{54B131CA-BD8A-40D3-9B15-D7BDB96542C3}"
EndProject
Project("{FAE04EC0-301F-11D3-BF4B-00C04F79EFBC}") = "BTE.RMS.Presentation.iOS", "BTE.RMS.Presentation\BTE.RMS.Presentation.iOS\BTE.RMS.Presentation.iOS.csproj", "{965391EA-0685-4E49-86EA-BE8B72D76821}"
EndProject
Project("{FAE04EC0-301F-11D3-BF4B-00C04F79EFBC}") = "BTE.RMS.Presentation.Droid", "BTE.RMS.Presentation\BTE.RMS.Presentation.Droid\BTE.RMS.Presentation.Droid.csproj", "{A103B7AD-86A0-4B87-80C7-57FAE99ACB66}"
EndProject
Project("{2150E333-8FDC-42A3-9474-1A3956D46DE8}") = "Web", "Web", "{B99184DB-C757-4A8D-83C0-56D45D747D77}"
EndProject
Project("{FAE04EC0-301F-11D3-BF4B-00C04F79EFBC}") = "BTE.RMS.Presentation.Web", "BTE.RMS.Presentation.Web\BTE.RMS.Presentation.Web.csproj", "{966A4BC7-E954-40EF-B1DC-A0CB18AD719F}"
EndProject
Project("{FAE04EC0-301F-11D3-BF4B-00C04F79EFBC}") = "BTE.RMS.Presentation.Web.Tests", "BTE.RMS.Presentation.Web.Tests\BTE.RMS.Presentation.Web.Tests.csproj", "{C1369204-273D-4E84-B6C3-2CC0095FC36D}"
EndProject
Project("{2150E333-8FDC-42A3-9474-1A3956D46DE8}") = "WPF", "WPF", "{74097A4D-AE4B-4FB1-A12D-15D8A2F2A8D8}"
EndProject
Project("{2150E333-8FDC-42A3-9474-1A3956D46DE8}") = "Web", "Web", "{661F02E2-0C7C-4A7B-BD85-1EF265E7283C}"
EndProject
Project("{FAE04EC0-301F-11D3-BF4B-00C04F79EFBC}") = "BTE.RMS.Interface.Web", "BTE.RMS.Interface.Web\BTE.RMS.Interface.Web.csproj", "{D7F1897F-4C14-4A92-80EE-8004589C3142}"
EndProject
Project("{FAE04EC0-301F-11D3-BF4B-00C04F79EFBC}") = "BTE.RMS.Interface.Contract.Web", "BTE.RMS.Interface.Contract.Web\BTE.RMS.Interface.Contract.Web.csproj", "{A1E67B4B-664D-4855-8310-8DD65EE2012B}"
EndProject
Global
	GlobalSection(SolutionConfigurationPlatforms) = preSolution
		Ad-Hoc|Any CPU = Ad-Hoc|Any CPU
		Ad-Hoc|iPhone = Ad-Hoc|iPhone
		Ad-Hoc|iPhoneSimulator = Ad-Hoc|iPhoneSimulator
		Ad-Hoc|Mixed Platforms = Ad-Hoc|Mixed Platforms
		AppStore|Any CPU = AppStore|Any CPU
		AppStore|iPhone = AppStore|iPhone
		AppStore|iPhoneSimulator = AppStore|iPhoneSimulator
		AppStore|Mixed Platforms = AppStore|Mixed Platforms
		Debug|Any CPU = Debug|Any CPU
		Debug|iPhone = Debug|iPhone
		Debug|iPhoneSimulator = Debug|iPhoneSimulator
		Debug|Mixed Platforms = Debug|Mixed Platforms
		Release|Any CPU = Release|Any CPU
		Release|iPhone = Release|iPhone
		Release|iPhoneSimulator = Release|iPhoneSimulator
		Release|Mixed Platforms = Release|Mixed Platforms
	EndGlobalSection
	GlobalSection(ProjectConfigurationPlatforms) = postSolution
		{49791D15-926F-4B4D-A6BD-26703CFE09ED}.Ad-Hoc|Any CPU.ActiveCfg = Release|Any CPU
		{49791D15-926F-4B4D-A6BD-26703CFE09ED}.Ad-Hoc|Any CPU.Build.0 = Release|Any CPU
		{49791D15-926F-4B4D-A6BD-26703CFE09ED}.Ad-Hoc|iPhone.ActiveCfg = Release|Any CPU
		{49791D15-926F-4B4D-A6BD-26703CFE09ED}.Ad-Hoc|iPhoneSimulator.ActiveCfg = Release|Any CPU
		{49791D15-926F-4B4D-A6BD-26703CFE09ED}.Ad-Hoc|Mixed Platforms.ActiveCfg = Release|Any CPU
		{49791D15-926F-4B4D-A6BD-26703CFE09ED}.Ad-Hoc|Mixed Platforms.Build.0 = Release|Any CPU
		{49791D15-926F-4B4D-A6BD-26703CFE09ED}.AppStore|Any CPU.ActiveCfg = Release|Any CPU
		{49791D15-926F-4B4D-A6BD-26703CFE09ED}.AppStore|Any CPU.Build.0 = Release|Any CPU
		{49791D15-926F-4B4D-A6BD-26703CFE09ED}.AppStore|iPhone.ActiveCfg = Release|Any CPU
		{49791D15-926F-4B4D-A6BD-26703CFE09ED}.AppStore|iPhoneSimulator.ActiveCfg = Release|Any CPU
		{49791D15-926F-4B4D-A6BD-26703CFE09ED}.AppStore|Mixed Platforms.ActiveCfg = Release|Any CPU
		{49791D15-926F-4B4D-A6BD-26703CFE09ED}.AppStore|Mixed Platforms.Build.0 = Release|Any CPU
		{49791D15-926F-4B4D-A6BD-26703CFE09ED}.Debug|Any CPU.ActiveCfg = Debug|Any CPU
		{49791D15-926F-4B4D-A6BD-26703CFE09ED}.Debug|Any CPU.Build.0 = Debug|Any CPU
		{49791D15-926F-4B4D-A6BD-26703CFE09ED}.Debug|iPhone.ActiveCfg = Debug|Any CPU
		{49791D15-926F-4B4D-A6BD-26703CFE09ED}.Debug|iPhoneSimulator.ActiveCfg = Debug|Any CPU
		{49791D15-926F-4B4D-A6BD-26703CFE09ED}.Debug|Mixed Platforms.ActiveCfg = Debug|Any CPU
		{49791D15-926F-4B4D-A6BD-26703CFE09ED}.Debug|Mixed Platforms.Build.0 = Debug|Any CPU
		{49791D15-926F-4B4D-A6BD-26703CFE09ED}.Release|Any CPU.ActiveCfg = Release|Any CPU
		{49791D15-926F-4B4D-A6BD-26703CFE09ED}.Release|Any CPU.Build.0 = Release|Any CPU
		{49791D15-926F-4B4D-A6BD-26703CFE09ED}.Release|iPhone.ActiveCfg = Release|Any CPU
		{49791D15-926F-4B4D-A6BD-26703CFE09ED}.Release|iPhoneSimulator.ActiveCfg = Release|Any CPU
		{49791D15-926F-4B4D-A6BD-26703CFE09ED}.Release|Mixed Platforms.ActiveCfg = Release|Any CPU
		{49791D15-926F-4B4D-A6BD-26703CFE09ED}.Release|Mixed Platforms.Build.0 = Release|Any CPU
		{C16FEEF1-9EFE-4716-9A55-F43936B9BB1E}.Ad-Hoc|Any CPU.ActiveCfg = Release|Any CPU
		{C16FEEF1-9EFE-4716-9A55-F43936B9BB1E}.Ad-Hoc|Any CPU.Build.0 = Release|Any CPU
		{C16FEEF1-9EFE-4716-9A55-F43936B9BB1E}.Ad-Hoc|iPhone.ActiveCfg = Release|Any CPU
		{C16FEEF1-9EFE-4716-9A55-F43936B9BB1E}.Ad-Hoc|iPhoneSimulator.ActiveCfg = Release|Any CPU
		{C16FEEF1-9EFE-4716-9A55-F43936B9BB1E}.Ad-Hoc|Mixed Platforms.ActiveCfg = Release|Any CPU
		{C16FEEF1-9EFE-4716-9A55-F43936B9BB1E}.Ad-Hoc|Mixed Platforms.Build.0 = Release|Any CPU
		{C16FEEF1-9EFE-4716-9A55-F43936B9BB1E}.AppStore|Any CPU.ActiveCfg = Release|Any CPU
		{C16FEEF1-9EFE-4716-9A55-F43936B9BB1E}.AppStore|Any CPU.Build.0 = Release|Any CPU
		{C16FEEF1-9EFE-4716-9A55-F43936B9BB1E}.AppStore|iPhone.ActiveCfg = Release|Any CPU
		{C16FEEF1-9EFE-4716-9A55-F43936B9BB1E}.AppStore|iPhoneSimulator.ActiveCfg = Release|Any CPU
		{C16FEEF1-9EFE-4716-9A55-F43936B9BB1E}.AppStore|Mixed Platforms.ActiveCfg = Release|Any CPU
		{C16FEEF1-9EFE-4716-9A55-F43936B9BB1E}.AppStore|Mixed Platforms.Build.0 = Release|Any CPU
		{C16FEEF1-9EFE-4716-9A55-F43936B9BB1E}.Debug|Any CPU.ActiveCfg = Debug|Any CPU
		{C16FEEF1-9EFE-4716-9A55-F43936B9BB1E}.Debug|Any CPU.Build.0 = Debug|Any CPU
		{C16FEEF1-9EFE-4716-9A55-F43936B9BB1E}.Debug|iPhone.ActiveCfg = Debug|Any CPU
		{C16FEEF1-9EFE-4716-9A55-F43936B9BB1E}.Debug|iPhoneSimulator.ActiveCfg = Debug|Any CPU
		{C16FEEF1-9EFE-4716-9A55-F43936B9BB1E}.Debug|Mixed Platforms.ActiveCfg = Debug|Any CPU
		{C16FEEF1-9EFE-4716-9A55-F43936B9BB1E}.Debug|Mixed Platforms.Build.0 = Debug|Any CPU
		{C16FEEF1-9EFE-4716-9A55-F43936B9BB1E}.Release|Any CPU.ActiveCfg = Release|Any CPU
		{C16FEEF1-9EFE-4716-9A55-F43936B9BB1E}.Release|Any CPU.Build.0 = Release|Any CPU
		{C16FEEF1-9EFE-4716-9A55-F43936B9BB1E}.Release|iPhone.ActiveCfg = Release|Any CPU
		{C16FEEF1-9EFE-4716-9A55-F43936B9BB1E}.Release|iPhoneSimulator.ActiveCfg = Release|Any CPU
		{C16FEEF1-9EFE-4716-9A55-F43936B9BB1E}.Release|Mixed Platforms.ActiveCfg = Release|Any CPU
		{C16FEEF1-9EFE-4716-9A55-F43936B9BB1E}.Release|Mixed Platforms.Build.0 = Release|Any CPU
		{D3041321-55D1-48A5-9B0F-9AACA8FF2B80}.Ad-Hoc|Any CPU.ActiveCfg = Release|Any CPU
		{D3041321-55D1-48A5-9B0F-9AACA8FF2B80}.Ad-Hoc|Any CPU.Build.0 = Release|Any CPU
		{D3041321-55D1-48A5-9B0F-9AACA8FF2B80}.Ad-Hoc|iPhone.ActiveCfg = Release|Any CPU
		{D3041321-55D1-48A5-9B0F-9AACA8FF2B80}.Ad-Hoc|iPhoneSimulator.ActiveCfg = Release|Any CPU
		{D3041321-55D1-48A5-9B0F-9AACA8FF2B80}.Ad-Hoc|Mixed Platforms.ActiveCfg = Release|Any CPU
		{D3041321-55D1-48A5-9B0F-9AACA8FF2B80}.Ad-Hoc|Mixed Platforms.Build.0 = Release|Any CPU
		{D3041321-55D1-48A5-9B0F-9AACA8FF2B80}.AppStore|Any CPU.ActiveCfg = Release|Any CPU
		{D3041321-55D1-48A5-9B0F-9AACA8FF2B80}.AppStore|Any CPU.Build.0 = Release|Any CPU
		{D3041321-55D1-48A5-9B0F-9AACA8FF2B80}.AppStore|iPhone.ActiveCfg = Release|Any CPU
		{D3041321-55D1-48A5-9B0F-9AACA8FF2B80}.AppStore|iPhoneSimulator.ActiveCfg = Release|Any CPU
		{D3041321-55D1-48A5-9B0F-9AACA8FF2B80}.AppStore|Mixed Platforms.ActiveCfg = Release|Any CPU
		{D3041321-55D1-48A5-9B0F-9AACA8FF2B80}.AppStore|Mixed Platforms.Build.0 = Release|Any CPU
		{D3041321-55D1-48A5-9B0F-9AACA8FF2B80}.Debug|Any CPU.ActiveCfg = Debug|Any CPU
		{D3041321-55D1-48A5-9B0F-9AACA8FF2B80}.Debug|Any CPU.Build.0 = Debug|Any CPU
		{D3041321-55D1-48A5-9B0F-9AACA8FF2B80}.Debug|iPhone.ActiveCfg = Debug|Any CPU
		{D3041321-55D1-48A5-9B0F-9AACA8FF2B80}.Debug|iPhoneSimulator.ActiveCfg = Debug|Any CPU
		{D3041321-55D1-48A5-9B0F-9AACA8FF2B80}.Debug|Mixed Platforms.ActiveCfg = Debug|Any CPU
		{D3041321-55D1-48A5-9B0F-9AACA8FF2B80}.Debug|Mixed Platforms.Build.0 = Debug|Any CPU
		{D3041321-55D1-48A5-9B0F-9AACA8FF2B80}.Release|Any CPU.ActiveCfg = Release|Any CPU
		{D3041321-55D1-48A5-9B0F-9AACA8FF2B80}.Release|Any CPU.Build.0 = Release|Any CPU
		{D3041321-55D1-48A5-9B0F-9AACA8FF2B80}.Release|iPhone.ActiveCfg = Release|Any CPU
		{D3041321-55D1-48A5-9B0F-9AACA8FF2B80}.Release|iPhoneSimulator.ActiveCfg = Release|Any CPU
		{D3041321-55D1-48A5-9B0F-9AACA8FF2B80}.Release|Mixed Platforms.ActiveCfg = Release|Any CPU
		{D3041321-55D1-48A5-9B0F-9AACA8FF2B80}.Release|Mixed Platforms.Build.0 = Release|Any CPU
		{52DBC983-85E1-4048-8E88-5C4F4038C500}.Ad-Hoc|Any CPU.ActiveCfg = Release|Any CPU
		{52DBC983-85E1-4048-8E88-5C4F4038C500}.Ad-Hoc|Any CPU.Build.0 = Release|Any CPU
		{52DBC983-85E1-4048-8E88-5C4F4038C500}.Ad-Hoc|iPhone.ActiveCfg = Release|Any CPU
		{52DBC983-85E1-4048-8E88-5C4F4038C500}.Ad-Hoc|iPhoneSimulator.ActiveCfg = Release|Any CPU
		{52DBC983-85E1-4048-8E88-5C4F4038C500}.Ad-Hoc|Mixed Platforms.ActiveCfg = Release|Any CPU
		{52DBC983-85E1-4048-8E88-5C4F4038C500}.Ad-Hoc|Mixed Platforms.Build.0 = Release|Any CPU
		{52DBC983-85E1-4048-8E88-5C4F4038C500}.AppStore|Any CPU.ActiveCfg = Release|Any CPU
		{52DBC983-85E1-4048-8E88-5C4F4038C500}.AppStore|Any CPU.Build.0 = Release|Any CPU
		{52DBC983-85E1-4048-8E88-5C4F4038C500}.AppStore|iPhone.ActiveCfg = Release|Any CPU
		{52DBC983-85E1-4048-8E88-5C4F4038C500}.AppStore|iPhoneSimulator.ActiveCfg = Release|Any CPU
		{52DBC983-85E1-4048-8E88-5C4F4038C500}.AppStore|Mixed Platforms.ActiveCfg = Release|Any CPU
		{52DBC983-85E1-4048-8E88-5C4F4038C500}.AppStore|Mixed Platforms.Build.0 = Release|Any CPU
		{52DBC983-85E1-4048-8E88-5C4F4038C500}.Debug|Any CPU.ActiveCfg = Debug|Any CPU
		{52DBC983-85E1-4048-8E88-5C4F4038C500}.Debug|Any CPU.Build.0 = Debug|Any CPU
		{52DBC983-85E1-4048-8E88-5C4F4038C500}.Debug|iPhone.ActiveCfg = Debug|Any CPU
		{52DBC983-85E1-4048-8E88-5C4F4038C500}.Debug|iPhoneSimulator.ActiveCfg = Debug|Any CPU
		{52DBC983-85E1-4048-8E88-5C4F4038C500}.Debug|Mixed Platforms.ActiveCfg = Debug|Any CPU
		{52DBC983-85E1-4048-8E88-5C4F4038C500}.Debug|Mixed Platforms.Build.0 = Debug|Any CPU
		{52DBC983-85E1-4048-8E88-5C4F4038C500}.Release|Any CPU.ActiveCfg = Release|Any CPU
		{52DBC983-85E1-4048-8E88-5C4F4038C500}.Release|Any CPU.Build.0 = Release|Any CPU
		{52DBC983-85E1-4048-8E88-5C4F4038C500}.Release|iPhone.ActiveCfg = Release|Any CPU
		{52DBC983-85E1-4048-8E88-5C4F4038C500}.Release|iPhoneSimulator.ActiveCfg = Release|Any CPU
		{52DBC983-85E1-4048-8E88-5C4F4038C500}.Release|Mixed Platforms.ActiveCfg = Release|Any CPU
		{52DBC983-85E1-4048-8E88-5C4F4038C500}.Release|Mixed Platforms.Build.0 = Release|Any CPU
		{09EB7E31-D4BF-4D3F-A33D-799A3E189B29}.Ad-Hoc|Any CPU.ActiveCfg = Release|Any CPU
		{09EB7E31-D4BF-4D3F-A33D-799A3E189B29}.Ad-Hoc|Any CPU.Build.0 = Release|Any CPU
		{09EB7E31-D4BF-4D3F-A33D-799A3E189B29}.Ad-Hoc|iPhone.ActiveCfg = Release|Any CPU
		{09EB7E31-D4BF-4D3F-A33D-799A3E189B29}.Ad-Hoc|iPhoneSimulator.ActiveCfg = Release|Any CPU
		{09EB7E31-D4BF-4D3F-A33D-799A3E189B29}.Ad-Hoc|Mixed Platforms.ActiveCfg = Release|Any CPU
		{09EB7E31-D4BF-4D3F-A33D-799A3E189B29}.Ad-Hoc|Mixed Platforms.Build.0 = Release|Any CPU
		{09EB7E31-D4BF-4D3F-A33D-799A3E189B29}.AppStore|Any CPU.ActiveCfg = Release|Any CPU
		{09EB7E31-D4BF-4D3F-A33D-799A3E189B29}.AppStore|Any CPU.Build.0 = Release|Any CPU
		{09EB7E31-D4BF-4D3F-A33D-799A3E189B29}.AppStore|iPhone.ActiveCfg = Release|Any CPU
		{09EB7E31-D4BF-4D3F-A33D-799A3E189B29}.AppStore|iPhoneSimulator.ActiveCfg = Release|Any CPU
		{09EB7E31-D4BF-4D3F-A33D-799A3E189B29}.AppStore|Mixed Platforms.ActiveCfg = Release|Any CPU
		{09EB7E31-D4BF-4D3F-A33D-799A3E189B29}.AppStore|Mixed Platforms.Build.0 = Release|Any CPU
		{09EB7E31-D4BF-4D3F-A33D-799A3E189B29}.Debug|Any CPU.ActiveCfg = Debug|Any CPU
		{09EB7E31-D4BF-4D3F-A33D-799A3E189B29}.Debug|Any CPU.Build.0 = Debug|Any CPU
		{09EB7E31-D4BF-4D3F-A33D-799A3E189B29}.Debug|iPhone.ActiveCfg = Debug|Any CPU
		{09EB7E31-D4BF-4D3F-A33D-799A3E189B29}.Debug|iPhoneSimulator.ActiveCfg = Debug|Any CPU
		{09EB7E31-D4BF-4D3F-A33D-799A3E189B29}.Debug|Mixed Platforms.ActiveCfg = Debug|Any CPU
		{09EB7E31-D4BF-4D3F-A33D-799A3E189B29}.Debug|Mixed Platforms.Build.0 = Debug|Any CPU
		{09EB7E31-D4BF-4D3F-A33D-799A3E189B29}.Release|Any CPU.ActiveCfg = Release|Any CPU
		{09EB7E31-D4BF-4D3F-A33D-799A3E189B29}.Release|Any CPU.Build.0 = Release|Any CPU
		{09EB7E31-D4BF-4D3F-A33D-799A3E189B29}.Release|iPhone.ActiveCfg = Release|Any CPU
		{09EB7E31-D4BF-4D3F-A33D-799A3E189B29}.Release|iPhoneSimulator.ActiveCfg = Release|Any CPU
		{09EB7E31-D4BF-4D3F-A33D-799A3E189B29}.Release|Mixed Platforms.ActiveCfg = Release|Any CPU
		{09EB7E31-D4BF-4D3F-A33D-799A3E189B29}.Release|Mixed Platforms.Build.0 = Release|Any CPU
		{CD9EBE3F-8EBB-4B91-8171-8450EE694EC1}.Ad-Hoc|Any CPU.ActiveCfg = Release|Any CPU
		{CD9EBE3F-8EBB-4B91-8171-8450EE694EC1}.Ad-Hoc|Any CPU.Build.0 = Release|Any CPU
		{CD9EBE3F-8EBB-4B91-8171-8450EE694EC1}.Ad-Hoc|iPhone.ActiveCfg = Release|Any CPU
		{CD9EBE3F-8EBB-4B91-8171-8450EE694EC1}.Ad-Hoc|iPhoneSimulator.ActiveCfg = Release|Any CPU
		{CD9EBE3F-8EBB-4B91-8171-8450EE694EC1}.Ad-Hoc|Mixed Platforms.ActiveCfg = Release|Any CPU
		{CD9EBE3F-8EBB-4B91-8171-8450EE694EC1}.Ad-Hoc|Mixed Platforms.Build.0 = Release|Any CPU
		{CD9EBE3F-8EBB-4B91-8171-8450EE694EC1}.AppStore|Any CPU.ActiveCfg = Release|Any CPU
		{CD9EBE3F-8EBB-4B91-8171-8450EE694EC1}.AppStore|Any CPU.Build.0 = Release|Any CPU
		{CD9EBE3F-8EBB-4B91-8171-8450EE694EC1}.AppStore|iPhone.ActiveCfg = Release|Any CPU
		{CD9EBE3F-8EBB-4B91-8171-8450EE694EC1}.AppStore|iPhoneSimulator.ActiveCfg = Release|Any CPU
		{CD9EBE3F-8EBB-4B91-8171-8450EE694EC1}.AppStore|Mixed Platforms.ActiveCfg = Release|Any CPU
		{CD9EBE3F-8EBB-4B91-8171-8450EE694EC1}.AppStore|Mixed Platforms.Build.0 = Release|Any CPU
		{CD9EBE3F-8EBB-4B91-8171-8450EE694EC1}.Debug|Any CPU.ActiveCfg = Debug|Any CPU
		{CD9EBE3F-8EBB-4B91-8171-8450EE694EC1}.Debug|Any CPU.Build.0 = Debug|Any CPU
		{CD9EBE3F-8EBB-4B91-8171-8450EE694EC1}.Debug|iPhone.ActiveCfg = Debug|Any CPU
		{CD9EBE3F-8EBB-4B91-8171-8450EE694EC1}.Debug|iPhoneSimulator.ActiveCfg = Debug|Any CPU
		{CD9EBE3F-8EBB-4B91-8171-8450EE694EC1}.Debug|Mixed Platforms.ActiveCfg = Debug|Any CPU
		{CD9EBE3F-8EBB-4B91-8171-8450EE694EC1}.Debug|Mixed Platforms.Build.0 = Debug|Any CPU
		{CD9EBE3F-8EBB-4B91-8171-8450EE694EC1}.Release|Any CPU.ActiveCfg = Release|Any CPU
		{CD9EBE3F-8EBB-4B91-8171-8450EE694EC1}.Release|Any CPU.Build.0 = Release|Any CPU
		{CD9EBE3F-8EBB-4B91-8171-8450EE694EC1}.Release|iPhone.ActiveCfg = Release|Any CPU
		{CD9EBE3F-8EBB-4B91-8171-8450EE694EC1}.Release|iPhoneSimulator.ActiveCfg = Release|Any CPU
		{CD9EBE3F-8EBB-4B91-8171-8450EE694EC1}.Release|Mixed Platforms.ActiveCfg = Release|Any CPU
		{CD9EBE3F-8EBB-4B91-8171-8450EE694EC1}.Release|Mixed Platforms.Build.0 = Release|Any CPU
		{8E6CBDED-C048-4CDF-BCE0-D444B1ED149D}.Ad-Hoc|Any CPU.ActiveCfg = Release|Any CPU
		{8E6CBDED-C048-4CDF-BCE0-D444B1ED149D}.Ad-Hoc|Any CPU.Build.0 = Release|Any CPU
		{8E6CBDED-C048-4CDF-BCE0-D444B1ED149D}.Ad-Hoc|iPhone.ActiveCfg = Release|Any CPU
		{8E6CBDED-C048-4CDF-BCE0-D444B1ED149D}.Ad-Hoc|iPhoneSimulator.ActiveCfg = Release|Any CPU
		{8E6CBDED-C048-4CDF-BCE0-D444B1ED149D}.Ad-Hoc|Mixed Platforms.ActiveCfg = Release|Any CPU
		{8E6CBDED-C048-4CDF-BCE0-D444B1ED149D}.Ad-Hoc|Mixed Platforms.Build.0 = Release|Any CPU
		{8E6CBDED-C048-4CDF-BCE0-D444B1ED149D}.AppStore|Any CPU.ActiveCfg = Release|Any CPU
		{8E6CBDED-C048-4CDF-BCE0-D444B1ED149D}.AppStore|Any CPU.Build.0 = Release|Any CPU
		{8E6CBDED-C048-4CDF-BCE0-D444B1ED149D}.AppStore|iPhone.ActiveCfg = Release|Any CPU
		{8E6CBDED-C048-4CDF-BCE0-D444B1ED149D}.AppStore|iPhoneSimulator.ActiveCfg = Release|Any CPU
		{8E6CBDED-C048-4CDF-BCE0-D444B1ED149D}.AppStore|Mixed Platforms.ActiveCfg = Release|Any CPU
		{8E6CBDED-C048-4CDF-BCE0-D444B1ED149D}.AppStore|Mixed Platforms.Build.0 = Release|Any CPU
		{8E6CBDED-C048-4CDF-BCE0-D444B1ED149D}.Debug|Any CPU.ActiveCfg = Debug|Any CPU
		{8E6CBDED-C048-4CDF-BCE0-D444B1ED149D}.Debug|Any CPU.Build.0 = Debug|Any CPU
		{8E6CBDED-C048-4CDF-BCE0-D444B1ED149D}.Debug|iPhone.ActiveCfg = Debug|Any CPU
		{8E6CBDED-C048-4CDF-BCE0-D444B1ED149D}.Debug|iPhoneSimulator.ActiveCfg = Debug|Any CPU
		{8E6CBDED-C048-4CDF-BCE0-D444B1ED149D}.Debug|Mixed Platforms.ActiveCfg = Debug|Any CPU
		{8E6CBDED-C048-4CDF-BCE0-D444B1ED149D}.Debug|Mixed Platforms.Build.0 = Debug|Any CPU
		{8E6CBDED-C048-4CDF-BCE0-D444B1ED149D}.Release|Any CPU.ActiveCfg = Release|Any CPU
		{8E6CBDED-C048-4CDF-BCE0-D444B1ED149D}.Release|Any CPU.Build.0 = Release|Any CPU
		{8E6CBDED-C048-4CDF-BCE0-D444B1ED149D}.Release|iPhone.ActiveCfg = Release|Any CPU
		{8E6CBDED-C048-4CDF-BCE0-D444B1ED149D}.Release|iPhoneSimulator.ActiveCfg = Release|Any CPU
		{8E6CBDED-C048-4CDF-BCE0-D444B1ED149D}.Release|Mixed Platforms.ActiveCfg = Release|Any CPU
		{8E6CBDED-C048-4CDF-BCE0-D444B1ED149D}.Release|Mixed Platforms.Build.0 = Release|Any CPU
		{9D6F1DA5-EDB2-45FF-B355-0F391F8ED7DC}.Ad-Hoc|Any CPU.ActiveCfg = Release|Any CPU
		{9D6F1DA5-EDB2-45FF-B355-0F391F8ED7DC}.Ad-Hoc|Any CPU.Build.0 = Release|Any CPU
		{9D6F1DA5-EDB2-45FF-B355-0F391F8ED7DC}.Ad-Hoc|iPhone.ActiveCfg = Release|Any CPU
		{9D6F1DA5-EDB2-45FF-B355-0F391F8ED7DC}.Ad-Hoc|iPhoneSimulator.ActiveCfg = Release|Any CPU
		{9D6F1DA5-EDB2-45FF-B355-0F391F8ED7DC}.Ad-Hoc|Mixed Platforms.ActiveCfg = Release|Any CPU
		{9D6F1DA5-EDB2-45FF-B355-0F391F8ED7DC}.Ad-Hoc|Mixed Platforms.Build.0 = Release|Any CPU
		{9D6F1DA5-EDB2-45FF-B355-0F391F8ED7DC}.AppStore|Any CPU.ActiveCfg = Release|Any CPU
		{9D6F1DA5-EDB2-45FF-B355-0F391F8ED7DC}.AppStore|Any CPU.Build.0 = Release|Any CPU
		{9D6F1DA5-EDB2-45FF-B355-0F391F8ED7DC}.AppStore|iPhone.ActiveCfg = Release|Any CPU
		{9D6F1DA5-EDB2-45FF-B355-0F391F8ED7DC}.AppStore|iPhoneSimulator.ActiveCfg = Release|Any CPU
		{9D6F1DA5-EDB2-45FF-B355-0F391F8ED7DC}.AppStore|Mixed Platforms.ActiveCfg = Release|Any CPU
		{9D6F1DA5-EDB2-45FF-B355-0F391F8ED7DC}.AppStore|Mixed Platforms.Build.0 = Release|Any CPU
		{9D6F1DA5-EDB2-45FF-B355-0F391F8ED7DC}.Debug|Any CPU.ActiveCfg = Debug|Any CPU
		{9D6F1DA5-EDB2-45FF-B355-0F391F8ED7DC}.Debug|Any CPU.Build.0 = Debug|Any CPU
		{9D6F1DA5-EDB2-45FF-B355-0F391F8ED7DC}.Debug|iPhone.ActiveCfg = Debug|Any CPU
		{9D6F1DA5-EDB2-45FF-B355-0F391F8ED7DC}.Debug|iPhoneSimulator.ActiveCfg = Debug|Any CPU
		{9D6F1DA5-EDB2-45FF-B355-0F391F8ED7DC}.Debug|Mixed Platforms.ActiveCfg = Debug|Any CPU
		{9D6F1DA5-EDB2-45FF-B355-0F391F8ED7DC}.Debug|Mixed Platforms.Build.0 = Debug|Any CPU
		{9D6F1DA5-EDB2-45FF-B355-0F391F8ED7DC}.Release|Any CPU.ActiveCfg = Release|Any CPU
		{9D6F1DA5-EDB2-45FF-B355-0F391F8ED7DC}.Release|Any CPU.Build.0 = Release|Any CPU
		{9D6F1DA5-EDB2-45FF-B355-0F391F8ED7DC}.Release|iPhone.ActiveCfg = Release|Any CPU
		{9D6F1DA5-EDB2-45FF-B355-0F391F8ED7DC}.Release|iPhoneSimulator.ActiveCfg = Release|Any CPU
		{9D6F1DA5-EDB2-45FF-B355-0F391F8ED7DC}.Release|Mixed Platforms.ActiveCfg = Release|Any CPU
		{9D6F1DA5-EDB2-45FF-B355-0F391F8ED7DC}.Release|Mixed Platforms.Build.0 = Release|Any CPU
		{EBB78299-2E06-47D8-A841-8AD65149E10B}.Ad-Hoc|Any CPU.ActiveCfg = Release|Any CPU
		{EBB78299-2E06-47D8-A841-8AD65149E10B}.Ad-Hoc|Any CPU.Build.0 = Release|Any CPU
		{EBB78299-2E06-47D8-A841-8AD65149E10B}.Ad-Hoc|iPhone.ActiveCfg = Release|Any CPU
		{EBB78299-2E06-47D8-A841-8AD65149E10B}.Ad-Hoc|iPhoneSimulator.ActiveCfg = Release|Any CPU
		{EBB78299-2E06-47D8-A841-8AD65149E10B}.Ad-Hoc|Mixed Platforms.ActiveCfg = Release|Any CPU
		{EBB78299-2E06-47D8-A841-8AD65149E10B}.Ad-Hoc|Mixed Platforms.Build.0 = Release|Any CPU
		{EBB78299-2E06-47D8-A841-8AD65149E10B}.AppStore|Any CPU.ActiveCfg = Release|Any CPU
		{EBB78299-2E06-47D8-A841-8AD65149E10B}.AppStore|Any CPU.Build.0 = Release|Any CPU
		{EBB78299-2E06-47D8-A841-8AD65149E10B}.AppStore|iPhone.ActiveCfg = Release|Any CPU
		{EBB78299-2E06-47D8-A841-8AD65149E10B}.AppStore|iPhoneSimulator.ActiveCfg = Release|Any CPU
		{EBB78299-2E06-47D8-A841-8AD65149E10B}.AppStore|Mixed Platforms.ActiveCfg = Release|Any CPU
		{EBB78299-2E06-47D8-A841-8AD65149E10B}.AppStore|Mixed Platforms.Build.0 = Release|Any CPU
		{EBB78299-2E06-47D8-A841-8AD65149E10B}.Debug|Any CPU.ActiveCfg = Debug|Any CPU
		{EBB78299-2E06-47D8-A841-8AD65149E10B}.Debug|Any CPU.Build.0 = Debug|Any CPU
		{EBB78299-2E06-47D8-A841-8AD65149E10B}.Debug|iPhone.ActiveCfg = Debug|Any CPU
		{EBB78299-2E06-47D8-A841-8AD65149E10B}.Debug|iPhoneSimulator.ActiveCfg = Debug|Any CPU
		{EBB78299-2E06-47D8-A841-8AD65149E10B}.Debug|Mixed Platforms.ActiveCfg = Debug|Any CPU
		{EBB78299-2E06-47D8-A841-8AD65149E10B}.Debug|Mixed Platforms.Build.0 = Debug|Any CPU
		{EBB78299-2E06-47D8-A841-8AD65149E10B}.Release|Any CPU.ActiveCfg = Release|Any CPU
		{EBB78299-2E06-47D8-A841-8AD65149E10B}.Release|Any CPU.Build.0 = Release|Any CPU
		{EBB78299-2E06-47D8-A841-8AD65149E10B}.Release|iPhone.ActiveCfg = Release|Any CPU
		{EBB78299-2E06-47D8-A841-8AD65149E10B}.Release|iPhoneSimulator.ActiveCfg = Release|Any CPU
		{EBB78299-2E06-47D8-A841-8AD65149E10B}.Release|Mixed Platforms.ActiveCfg = Release|Any CPU
		{EBB78299-2E06-47D8-A841-8AD65149E10B}.Release|Mixed Platforms.Build.0 = Release|Any CPU
		{FD8CB7BC-0328-4C00-BB44-C5723B356FEC}.Ad-Hoc|Any CPU.ActiveCfg = Release|Any CPU
		{FD8CB7BC-0328-4C00-BB44-C5723B356FEC}.Ad-Hoc|Any CPU.Build.0 = Release|Any CPU
		{FD8CB7BC-0328-4C00-BB44-C5723B356FEC}.Ad-Hoc|iPhone.ActiveCfg = Release|Any CPU
		{FD8CB7BC-0328-4C00-BB44-C5723B356FEC}.Ad-Hoc|iPhoneSimulator.ActiveCfg = Release|Any CPU
		{FD8CB7BC-0328-4C00-BB44-C5723B356FEC}.Ad-Hoc|Mixed Platforms.ActiveCfg = Release|Any CPU
		{FD8CB7BC-0328-4C00-BB44-C5723B356FEC}.Ad-Hoc|Mixed Platforms.Build.0 = Release|Any CPU
		{FD8CB7BC-0328-4C00-BB44-C5723B356FEC}.AppStore|Any CPU.ActiveCfg = Release|Any CPU
		{FD8CB7BC-0328-4C00-BB44-C5723B356FEC}.AppStore|Any CPU.Build.0 = Release|Any CPU
		{FD8CB7BC-0328-4C00-BB44-C5723B356FEC}.AppStore|iPhone.ActiveCfg = Release|Any CPU
		{FD8CB7BC-0328-4C00-BB44-C5723B356FEC}.AppStore|iPhoneSimulator.ActiveCfg = Release|Any CPU
		{FD8CB7BC-0328-4C00-BB44-C5723B356FEC}.AppStore|Mixed Platforms.ActiveCfg = Release|Any CPU
		{FD8CB7BC-0328-4C00-BB44-C5723B356FEC}.AppStore|Mixed Platforms.Build.0 = Release|Any CPU
		{FD8CB7BC-0328-4C00-BB44-C5723B356FEC}.Debug|Any CPU.ActiveCfg = Debug|Any CPU
		{FD8CB7BC-0328-4C00-BB44-C5723B356FEC}.Debug|Any CPU.Build.0 = Debug|Any CPU
		{FD8CB7BC-0328-4C00-BB44-C5723B356FEC}.Debug|iPhone.ActiveCfg = Debug|Any CPU
		{FD8CB7BC-0328-4C00-BB44-C5723B356FEC}.Debug|iPhoneSimulator.ActiveCfg = Debug|Any CPU
		{FD8CB7BC-0328-4C00-BB44-C5723B356FEC}.Debug|Mixed Platforms.ActiveCfg = Debug|Any CPU
		{FD8CB7BC-0328-4C00-BB44-C5723B356FEC}.Debug|Mixed Platforms.Build.0 = Debug|Any CPU
		{FD8CB7BC-0328-4C00-BB44-C5723B356FEC}.Release|Any CPU.ActiveCfg = Release|Any CPU
		{FD8CB7BC-0328-4C00-BB44-C5723B356FEC}.Release|Any CPU.Build.0 = Release|Any CPU
		{FD8CB7BC-0328-4C00-BB44-C5723B356FEC}.Release|iPhone.ActiveCfg = Release|Any CPU
		{FD8CB7BC-0328-4C00-BB44-C5723B356FEC}.Release|iPhoneSimulator.ActiveCfg = Release|Any CPU
		{FD8CB7BC-0328-4C00-BB44-C5723B356FEC}.Release|Mixed Platforms.ActiveCfg = Release|Any CPU
		{FD8CB7BC-0328-4C00-BB44-C5723B356FEC}.Release|Mixed Platforms.Build.0 = Release|Any CPU
		{B35664F4-1135-47AB-9271-0174D9E0A49E}.Ad-Hoc|Any CPU.ActiveCfg = Release|Any CPU
		{B35664F4-1135-47AB-9271-0174D9E0A49E}.Ad-Hoc|Any CPU.Build.0 = Release|Any CPU
		{B35664F4-1135-47AB-9271-0174D9E0A49E}.Ad-Hoc|iPhone.ActiveCfg = Release|Any CPU
		{B35664F4-1135-47AB-9271-0174D9E0A49E}.Ad-Hoc|iPhoneSimulator.ActiveCfg = Release|Any CPU
		{B35664F4-1135-47AB-9271-0174D9E0A49E}.Ad-Hoc|Mixed Platforms.ActiveCfg = Release|Any CPU
		{B35664F4-1135-47AB-9271-0174D9E0A49E}.Ad-Hoc|Mixed Platforms.Build.0 = Release|Any CPU
		{B35664F4-1135-47AB-9271-0174D9E0A49E}.AppStore|Any CPU.ActiveCfg = Release|Any CPU
		{B35664F4-1135-47AB-9271-0174D9E0A49E}.AppStore|Any CPU.Build.0 = Release|Any CPU
		{B35664F4-1135-47AB-9271-0174D9E0A49E}.AppStore|iPhone.ActiveCfg = Release|Any CPU
		{B35664F4-1135-47AB-9271-0174D9E0A49E}.AppStore|iPhoneSimulator.ActiveCfg = Release|Any CPU
		{B35664F4-1135-47AB-9271-0174D9E0A49E}.AppStore|Mixed Platforms.ActiveCfg = Release|Any CPU
		{B35664F4-1135-47AB-9271-0174D9E0A49E}.AppStore|Mixed Platforms.Build.0 = Release|Any CPU
		{B35664F4-1135-47AB-9271-0174D9E0A49E}.Debug|Any CPU.ActiveCfg = Debug|Any CPU
		{B35664F4-1135-47AB-9271-0174D9E0A49E}.Debug|Any CPU.Build.0 = Debug|Any CPU
		{B35664F4-1135-47AB-9271-0174D9E0A49E}.Debug|iPhone.ActiveCfg = Debug|Any CPU
		{B35664F4-1135-47AB-9271-0174D9E0A49E}.Debug|iPhoneSimulator.ActiveCfg = Debug|Any CPU
		{B35664F4-1135-47AB-9271-0174D9E0A49E}.Debug|Mixed Platforms.ActiveCfg = Debug|Any CPU
		{B35664F4-1135-47AB-9271-0174D9E0A49E}.Debug|Mixed Platforms.Build.0 = Debug|Any CPU
		{B35664F4-1135-47AB-9271-0174D9E0A49E}.Release|Any CPU.ActiveCfg = Release|Any CPU
		{B35664F4-1135-47AB-9271-0174D9E0A49E}.Release|Any CPU.Build.0 = Release|Any CPU
		{B35664F4-1135-47AB-9271-0174D9E0A49E}.Release|iPhone.ActiveCfg = Release|Any CPU
		{B35664F4-1135-47AB-9271-0174D9E0A49E}.Release|iPhoneSimulator.ActiveCfg = Release|Any CPU
		{B35664F4-1135-47AB-9271-0174D9E0A49E}.Release|Mixed Platforms.ActiveCfg = Release|Any CPU
		{B35664F4-1135-47AB-9271-0174D9E0A49E}.Release|Mixed Platforms.Build.0 = Release|Any CPU
		{129ECD58-E1DF-4073-838D-B2EA55E4B402}.Ad-Hoc|Any CPU.ActiveCfg = Release|Any CPU
		{129ECD58-E1DF-4073-838D-B2EA55E4B402}.Ad-Hoc|Any CPU.Build.0 = Release|Any CPU
		{129ECD58-E1DF-4073-838D-B2EA55E4B402}.Ad-Hoc|iPhone.ActiveCfg = Release|Any CPU
		{129ECD58-E1DF-4073-838D-B2EA55E4B402}.Ad-Hoc|iPhoneSimulator.ActiveCfg = Release|Any CPU
		{129ECD58-E1DF-4073-838D-B2EA55E4B402}.Ad-Hoc|Mixed Platforms.ActiveCfg = Release|Any CPU
		{129ECD58-E1DF-4073-838D-B2EA55E4B402}.Ad-Hoc|Mixed Platforms.Build.0 = Release|Any CPU
		{129ECD58-E1DF-4073-838D-B2EA55E4B402}.AppStore|Any CPU.ActiveCfg = Release|Any CPU
		{129ECD58-E1DF-4073-838D-B2EA55E4B402}.AppStore|Any CPU.Build.0 = Release|Any CPU
		{129ECD58-E1DF-4073-838D-B2EA55E4B402}.AppStore|iPhone.ActiveCfg = Release|Any CPU
		{129ECD58-E1DF-4073-838D-B2EA55E4B402}.AppStore|iPhoneSimulator.ActiveCfg = Release|Any CPU
		{129ECD58-E1DF-4073-838D-B2EA55E4B402}.AppStore|Mixed Platforms.ActiveCfg = Release|Any CPU
		{129ECD58-E1DF-4073-838D-B2EA55E4B402}.AppStore|Mixed Platforms.Build.0 = Release|Any CPU
		{129ECD58-E1DF-4073-838D-B2EA55E4B402}.Debug|Any CPU.ActiveCfg = Debug|Any CPU
		{129ECD58-E1DF-4073-838D-B2EA55E4B402}.Debug|Any CPU.Build.0 = Debug|Any CPU
		{129ECD58-E1DF-4073-838D-B2EA55E4B402}.Debug|iPhone.ActiveCfg = Debug|Any CPU
		{129ECD58-E1DF-4073-838D-B2EA55E4B402}.Debug|iPhoneSimulator.ActiveCfg = Debug|Any CPU
		{129ECD58-E1DF-4073-838D-B2EA55E4B402}.Debug|Mixed Platforms.ActiveCfg = Debug|Any CPU
		{129ECD58-E1DF-4073-838D-B2EA55E4B402}.Debug|Mixed Platforms.Build.0 = Debug|Any CPU
		{129ECD58-E1DF-4073-838D-B2EA55E4B402}.Release|Any CPU.ActiveCfg = Release|Any CPU
		{129ECD58-E1DF-4073-838D-B2EA55E4B402}.Release|Any CPU.Build.0 = Release|Any CPU
		{129ECD58-E1DF-4073-838D-B2EA55E4B402}.Release|iPhone.ActiveCfg = Release|Any CPU
		{129ECD58-E1DF-4073-838D-B2EA55E4B402}.Release|iPhoneSimulator.ActiveCfg = Release|Any CPU
		{129ECD58-E1DF-4073-838D-B2EA55E4B402}.Release|Mixed Platforms.ActiveCfg = Release|Any CPU
		{129ECD58-E1DF-4073-838D-B2EA55E4B402}.Release|Mixed Platforms.Build.0 = Release|Any CPU
		{67F9D3A8-F71E-4428-913F-C37AE82CDB24}.Ad-Hoc|Any CPU.ActiveCfg = Release|Any CPU
		{67F9D3A8-F71E-4428-913F-C37AE82CDB24}.Ad-Hoc|Any CPU.Build.0 = Release|Any CPU
		{67F9D3A8-F71E-4428-913F-C37AE82CDB24}.Ad-Hoc|iPhone.ActiveCfg = Release|Any CPU
		{67F9D3A8-F71E-4428-913F-C37AE82CDB24}.Ad-Hoc|iPhoneSimulator.ActiveCfg = Release|Any CPU
		{67F9D3A8-F71E-4428-913F-C37AE82CDB24}.Ad-Hoc|Mixed Platforms.ActiveCfg = Release|Any CPU
		{67F9D3A8-F71E-4428-913F-C37AE82CDB24}.Ad-Hoc|Mixed Platforms.Build.0 = Release|Any CPU
		{67F9D3A8-F71E-4428-913F-C37AE82CDB24}.AppStore|Any CPU.ActiveCfg = Release|Any CPU
		{67F9D3A8-F71E-4428-913F-C37AE82CDB24}.AppStore|Any CPU.Build.0 = Release|Any CPU
		{67F9D3A8-F71E-4428-913F-C37AE82CDB24}.AppStore|iPhone.ActiveCfg = Release|Any CPU
		{67F9D3A8-F71E-4428-913F-C37AE82CDB24}.AppStore|iPhoneSimulator.ActiveCfg = Release|Any CPU
		{67F9D3A8-F71E-4428-913F-C37AE82CDB24}.AppStore|Mixed Platforms.ActiveCfg = Release|Any CPU
		{67F9D3A8-F71E-4428-913F-C37AE82CDB24}.AppStore|Mixed Platforms.Build.0 = Release|Any CPU
		{67F9D3A8-F71E-4428-913F-C37AE82CDB24}.Debug|Any CPU.ActiveCfg = Debug|Any CPU
		{67F9D3A8-F71E-4428-913F-C37AE82CDB24}.Debug|Any CPU.Build.0 = Debug|Any CPU
		{67F9D3A8-F71E-4428-913F-C37AE82CDB24}.Debug|iPhone.ActiveCfg = Debug|Any CPU
		{67F9D3A8-F71E-4428-913F-C37AE82CDB24}.Debug|iPhoneSimulator.ActiveCfg = Debug|Any CPU
		{67F9D3A8-F71E-4428-913F-C37AE82CDB24}.Debug|Mixed Platforms.ActiveCfg = Debug|Any CPU
		{67F9D3A8-F71E-4428-913F-C37AE82CDB24}.Debug|Mixed Platforms.Build.0 = Debug|Any CPU
		{67F9D3A8-F71E-4428-913F-C37AE82CDB24}.Release|Any CPU.ActiveCfg = Release|Any CPU
		{67F9D3A8-F71E-4428-913F-C37AE82CDB24}.Release|Any CPU.Build.0 = Release|Any CPU
		{67F9D3A8-F71E-4428-913F-C37AE82CDB24}.Release|iPhone.ActiveCfg = Release|Any CPU
		{67F9D3A8-F71E-4428-913F-C37AE82CDB24}.Release|iPhoneSimulator.ActiveCfg = Release|Any CPU
		{67F9D3A8-F71E-4428-913F-C37AE82CDB24}.Release|Mixed Platforms.ActiveCfg = Release|Any CPU
		{67F9D3A8-F71E-4428-913F-C37AE82CDB24}.Release|Mixed Platforms.Build.0 = Release|Any CPU
		{54B131CA-BD8A-40D3-9B15-D7BDB96542C3}.Ad-Hoc|Any CPU.ActiveCfg = Release|Any CPU
		{54B131CA-BD8A-40D3-9B15-D7BDB96542C3}.Ad-Hoc|Any CPU.Build.0 = Release|Any CPU
		{54B131CA-BD8A-40D3-9B15-D7BDB96542C3}.Ad-Hoc|iPhone.ActiveCfg = Release|Any CPU
		{54B131CA-BD8A-40D3-9B15-D7BDB96542C3}.Ad-Hoc|iPhoneSimulator.ActiveCfg = Release|Any CPU
		{54B131CA-BD8A-40D3-9B15-D7BDB96542C3}.Ad-Hoc|Mixed Platforms.ActiveCfg = Release|Any CPU
		{54B131CA-BD8A-40D3-9B15-D7BDB96542C3}.Ad-Hoc|Mixed Platforms.Build.0 = Release|Any CPU
		{54B131CA-BD8A-40D3-9B15-D7BDB96542C3}.AppStore|Any CPU.ActiveCfg = Release|Any CPU
		{54B131CA-BD8A-40D3-9B15-D7BDB96542C3}.AppStore|Any CPU.Build.0 = Release|Any CPU
		{54B131CA-BD8A-40D3-9B15-D7BDB96542C3}.AppStore|iPhone.ActiveCfg = Release|Any CPU
		{54B131CA-BD8A-40D3-9B15-D7BDB96542C3}.AppStore|iPhoneSimulator.ActiveCfg = Release|Any CPU
		{54B131CA-BD8A-40D3-9B15-D7BDB96542C3}.AppStore|Mixed Platforms.ActiveCfg = Release|Any CPU
		{54B131CA-BD8A-40D3-9B15-D7BDB96542C3}.AppStore|Mixed Platforms.Build.0 = Release|Any CPU
		{54B131CA-BD8A-40D3-9B15-D7BDB96542C3}.Debug|Any CPU.ActiveCfg = Debug|Any CPU
		{54B131CA-BD8A-40D3-9B15-D7BDB96542C3}.Debug|Any CPU.Build.0 = Debug|Any CPU
		{54B131CA-BD8A-40D3-9B15-D7BDB96542C3}.Debug|iPhone.ActiveCfg = Debug|Any CPU
		{54B131CA-BD8A-40D3-9B15-D7BDB96542C3}.Debug|iPhoneSimulator.ActiveCfg = Debug|Any CPU
		{54B131CA-BD8A-40D3-9B15-D7BDB96542C3}.Debug|Mixed Platforms.ActiveCfg = Debug|Any CPU
		{54B131CA-BD8A-40D3-9B15-D7BDB96542C3}.Debug|Mixed Platforms.Build.0 = Debug|Any CPU
		{54B131CA-BD8A-40D3-9B15-D7BDB96542C3}.Release|Any CPU.ActiveCfg = Release|Any CPU
		{54B131CA-BD8A-40D3-9B15-D7BDB96542C3}.Release|Any CPU.Build.0 = Release|Any CPU
		{54B131CA-BD8A-40D3-9B15-D7BDB96542C3}.Release|iPhone.ActiveCfg = Release|Any CPU
		{54B131CA-BD8A-40D3-9B15-D7BDB96542C3}.Release|iPhoneSimulator.ActiveCfg = Release|Any CPU
		{54B131CA-BD8A-40D3-9B15-D7BDB96542C3}.Release|Mixed Platforms.ActiveCfg = Release|Any CPU
		{54B131CA-BD8A-40D3-9B15-D7BDB96542C3}.Release|Mixed Platforms.Build.0 = Release|Any CPU
		{965391EA-0685-4E49-86EA-BE8B72D76821}.Ad-Hoc|Any CPU.ActiveCfg = Ad-Hoc|iPhone
		{965391EA-0685-4E49-86EA-BE8B72D76821}.Ad-Hoc|iPhone.ActiveCfg = Ad-Hoc|iPhone
		{965391EA-0685-4E49-86EA-BE8B72D76821}.Ad-Hoc|iPhone.Build.0 = Ad-Hoc|iPhone
		{965391EA-0685-4E49-86EA-BE8B72D76821}.Ad-Hoc|iPhoneSimulator.ActiveCfg = Ad-Hoc|iPhoneSimulator
		{965391EA-0685-4E49-86EA-BE8B72D76821}.Ad-Hoc|iPhoneSimulator.Build.0 = Ad-Hoc|iPhoneSimulator
		{965391EA-0685-4E49-86EA-BE8B72D76821}.Ad-Hoc|Mixed Platforms.ActiveCfg = Ad-Hoc|iPhone
		{965391EA-0685-4E49-86EA-BE8B72D76821}.Ad-Hoc|Mixed Platforms.Build.0 = Ad-Hoc|iPhone
		{965391EA-0685-4E49-86EA-BE8B72D76821}.AppStore|Any CPU.ActiveCfg = AppStore|iPhone
		{965391EA-0685-4E49-86EA-BE8B72D76821}.AppStore|iPhone.ActiveCfg = AppStore|iPhone
		{965391EA-0685-4E49-86EA-BE8B72D76821}.AppStore|iPhone.Build.0 = AppStore|iPhone
		{965391EA-0685-4E49-86EA-BE8B72D76821}.AppStore|iPhoneSimulator.ActiveCfg = AppStore|iPhoneSimulator
		{965391EA-0685-4E49-86EA-BE8B72D76821}.AppStore|iPhoneSimulator.Build.0 = AppStore|iPhoneSimulator
		{965391EA-0685-4E49-86EA-BE8B72D76821}.AppStore|Mixed Platforms.ActiveCfg = AppStore|iPhone
		{965391EA-0685-4E49-86EA-BE8B72D76821}.AppStore|Mixed Platforms.Build.0 = AppStore|iPhone
		{965391EA-0685-4E49-86EA-BE8B72D76821}.Debug|Any CPU.ActiveCfg = Debug|iPhone
		{965391EA-0685-4E49-86EA-BE8B72D76821}.Debug|iPhone.ActiveCfg = Debug|iPhone
		{965391EA-0685-4E49-86EA-BE8B72D76821}.Debug|iPhone.Build.0 = Debug|iPhone
		{965391EA-0685-4E49-86EA-BE8B72D76821}.Debug|iPhoneSimulator.ActiveCfg = Debug|iPhoneSimulator
		{965391EA-0685-4E49-86EA-BE8B72D76821}.Debug|iPhoneSimulator.Build.0 = Debug|iPhoneSimulator
		{965391EA-0685-4E49-86EA-BE8B72D76821}.Debug|Mixed Platforms.ActiveCfg = Debug|iPhone
		{965391EA-0685-4E49-86EA-BE8B72D76821}.Debug|Mixed Platforms.Build.0 = Debug|iPhone
		{965391EA-0685-4E49-86EA-BE8B72D76821}.Release|Any CPU.ActiveCfg = Release|iPhone
		{965391EA-0685-4E49-86EA-BE8B72D76821}.Release|iPhone.ActiveCfg = Release|iPhone
		{965391EA-0685-4E49-86EA-BE8B72D76821}.Release|iPhone.Build.0 = Release|iPhone
		{965391EA-0685-4E49-86EA-BE8B72D76821}.Release|iPhoneSimulator.ActiveCfg = Release|iPhoneSimulator
		{965391EA-0685-4E49-86EA-BE8B72D76821}.Release|iPhoneSimulator.Build.0 = Release|iPhoneSimulator
		{965391EA-0685-4E49-86EA-BE8B72D76821}.Release|Mixed Platforms.ActiveCfg = Release|iPhone
		{965391EA-0685-4E49-86EA-BE8B72D76821}.Release|Mixed Platforms.Build.0 = Release|iPhone
		{A103B7AD-86A0-4B87-80C7-57FAE99ACB66}.Ad-Hoc|Any CPU.ActiveCfg = Release|Any CPU
		{A103B7AD-86A0-4B87-80C7-57FAE99ACB66}.Ad-Hoc|Any CPU.Build.0 = Release|Any CPU
		{A103B7AD-86A0-4B87-80C7-57FAE99ACB66}.Ad-Hoc|Any CPU.Deploy.0 = Release|Any CPU
		{A103B7AD-86A0-4B87-80C7-57FAE99ACB66}.Ad-Hoc|iPhone.ActiveCfg = Release|Any CPU
		{A103B7AD-86A0-4B87-80C7-57FAE99ACB66}.Ad-Hoc|iPhoneSimulator.ActiveCfg = Release|Any CPU
		{A103B7AD-86A0-4B87-80C7-57FAE99ACB66}.Ad-Hoc|Mixed Platforms.ActiveCfg = Release|Any CPU
		{A103B7AD-86A0-4B87-80C7-57FAE99ACB66}.Ad-Hoc|Mixed Platforms.Build.0 = Release|Any CPU
		{A103B7AD-86A0-4B87-80C7-57FAE99ACB66}.Ad-Hoc|Mixed Platforms.Deploy.0 = Release|Any CPU
		{A103B7AD-86A0-4B87-80C7-57FAE99ACB66}.AppStore|Any CPU.ActiveCfg = Release|Any CPU
		{A103B7AD-86A0-4B87-80C7-57FAE99ACB66}.AppStore|Any CPU.Build.0 = Release|Any CPU
		{A103B7AD-86A0-4B87-80C7-57FAE99ACB66}.AppStore|Any CPU.Deploy.0 = Release|Any CPU
		{A103B7AD-86A0-4B87-80C7-57FAE99ACB66}.AppStore|iPhone.ActiveCfg = Release|Any CPU
		{A103B7AD-86A0-4B87-80C7-57FAE99ACB66}.AppStore|iPhoneSimulator.ActiveCfg = Release|Any CPU
		{A103B7AD-86A0-4B87-80C7-57FAE99ACB66}.AppStore|Mixed Platforms.ActiveCfg = Release|Any CPU
		{A103B7AD-86A0-4B87-80C7-57FAE99ACB66}.AppStore|Mixed Platforms.Build.0 = Release|Any CPU
		{A103B7AD-86A0-4B87-80C7-57FAE99ACB66}.AppStore|Mixed Platforms.Deploy.0 = Release|Any CPU
		{A103B7AD-86A0-4B87-80C7-57FAE99ACB66}.Debug|Any CPU.ActiveCfg = Debug|Any CPU
		{A103B7AD-86A0-4B87-80C7-57FAE99ACB66}.Debug|Any CPU.Build.0 = Debug|Any CPU
		{A103B7AD-86A0-4B87-80C7-57FAE99ACB66}.Debug|Any CPU.Deploy.0 = Debug|Any CPU
		{A103B7AD-86A0-4B87-80C7-57FAE99ACB66}.Debug|iPhone.ActiveCfg = Debug|Any CPU
		{A103B7AD-86A0-4B87-80C7-57FAE99ACB66}.Debug|iPhoneSimulator.ActiveCfg = Debug|Any CPU
		{A103B7AD-86A0-4B87-80C7-57FAE99ACB66}.Debug|Mixed Platforms.ActiveCfg = Debug|Any CPU
		{A103B7AD-86A0-4B87-80C7-57FAE99ACB66}.Debug|Mixed Platforms.Build.0 = Debug|Any CPU
		{A103B7AD-86A0-4B87-80C7-57FAE99ACB66}.Debug|Mixed Platforms.Deploy.0 = Debug|Any CPU
		{A103B7AD-86A0-4B87-80C7-57FAE99ACB66}.Release|Any CPU.ActiveCfg = Release|Any CPU
		{A103B7AD-86A0-4B87-80C7-57FAE99ACB66}.Release|Any CPU.Build.0 = Release|Any CPU
		{A103B7AD-86A0-4B87-80C7-57FAE99ACB66}.Release|Any CPU.Deploy.0 = Release|Any CPU
		{A103B7AD-86A0-4B87-80C7-57FAE99ACB66}.Release|iPhone.ActiveCfg = Release|Any CPU
		{A103B7AD-86A0-4B87-80C7-57FAE99ACB66}.Release|iPhoneSimulator.ActiveCfg = Release|Any CPU
		{A103B7AD-86A0-4B87-80C7-57FAE99ACB66}.Release|Mixed Platforms.ActiveCfg = Release|Any CPU
		{A103B7AD-86A0-4B87-80C7-57FAE99ACB66}.Release|Mixed Platforms.Build.0 = Release|Any CPU
		{A103B7AD-86A0-4B87-80C7-57FAE99ACB66}.Release|Mixed Platforms.Deploy.0 = Release|Any CPU
		{966A4BC7-E954-40EF-B1DC-A0CB18AD719F}.Ad-Hoc|Any CPU.ActiveCfg = Release|Any CPU
		{966A4BC7-E954-40EF-B1DC-A0CB18AD719F}.Ad-Hoc|Any CPU.Build.0 = Release|Any CPU
		{966A4BC7-E954-40EF-B1DC-A0CB18AD719F}.Ad-Hoc|iPhone.ActiveCfg = Release|Any CPU
		{966A4BC7-E954-40EF-B1DC-A0CB18AD719F}.Ad-Hoc|iPhoneSimulator.ActiveCfg = Release|Any CPU
		{966A4BC7-E954-40EF-B1DC-A0CB18AD719F}.Ad-Hoc|Mixed Platforms.ActiveCfg = Release|Any CPU
		{966A4BC7-E954-40EF-B1DC-A0CB18AD719F}.Ad-Hoc|Mixed Platforms.Build.0 = Release|Any CPU
		{966A4BC7-E954-40EF-B1DC-A0CB18AD719F}.AppStore|Any CPU.ActiveCfg = Release|Any CPU
		{966A4BC7-E954-40EF-B1DC-A0CB18AD719F}.AppStore|Any CPU.Build.0 = Release|Any CPU
		{966A4BC7-E954-40EF-B1DC-A0CB18AD719F}.AppStore|iPhone.ActiveCfg = Release|Any CPU
		{966A4BC7-E954-40EF-B1DC-A0CB18AD719F}.AppStore|iPhoneSimulator.ActiveCfg = Release|Any CPU
		{966A4BC7-E954-40EF-B1DC-A0CB18AD719F}.AppStore|Mixed Platforms.ActiveCfg = Release|Any CPU
		{966A4BC7-E954-40EF-B1DC-A0CB18AD719F}.AppStore|Mixed Platforms.Build.0 = Release|Any CPU
		{966A4BC7-E954-40EF-B1DC-A0CB18AD719F}.Debug|Any CPU.ActiveCfg = Debug|Any CPU
		{966A4BC7-E954-40EF-B1DC-A0CB18AD719F}.Debug|Any CPU.Build.0 = Debug|Any CPU
		{966A4BC7-E954-40EF-B1DC-A0CB18AD719F}.Debug|iPhone.ActiveCfg = Debug|Any CPU
		{966A4BC7-E954-40EF-B1DC-A0CB18AD719F}.Debug|iPhoneSimulator.ActiveCfg = Debug|Any CPU
		{966A4BC7-E954-40EF-B1DC-A0CB18AD719F}.Debug|Mixed Platforms.ActiveCfg = Debug|Any CPU
		{966A4BC7-E954-40EF-B1DC-A0CB18AD719F}.Debug|Mixed Platforms.Build.0 = Debug|Any CPU
		{966A4BC7-E954-40EF-B1DC-A0CB18AD719F}.Release|Any CPU.ActiveCfg = Release|Any CPU
		{966A4BC7-E954-40EF-B1DC-A0CB18AD719F}.Release|Any CPU.Build.0 = Release|Any CPU
		{966A4BC7-E954-40EF-B1DC-A0CB18AD719F}.Release|iPhone.ActiveCfg = Release|Any CPU
		{966A4BC7-E954-40EF-B1DC-A0CB18AD719F}.Release|iPhoneSimulator.ActiveCfg = Release|Any CPU
		{966A4BC7-E954-40EF-B1DC-A0CB18AD719F}.Release|Mixed Platforms.ActiveCfg = Release|Any CPU
		{966A4BC7-E954-40EF-B1DC-A0CB18AD719F}.Release|Mixed Platforms.Build.0 = Release|Any CPU
		{C1369204-273D-4E84-B6C3-2CC0095FC36D}.Ad-Hoc|Any CPU.ActiveCfg = Release|Any CPU
		{C1369204-273D-4E84-B6C3-2CC0095FC36D}.Ad-Hoc|Any CPU.Build.0 = Release|Any CPU
		{C1369204-273D-4E84-B6C3-2CC0095FC36D}.Ad-Hoc|iPhone.ActiveCfg = Release|Any CPU
		{C1369204-273D-4E84-B6C3-2CC0095FC36D}.Ad-Hoc|iPhoneSimulator.ActiveCfg = Release|Any CPU
		{C1369204-273D-4E84-B6C3-2CC0095FC36D}.Ad-Hoc|Mixed Platforms.ActiveCfg = Release|Any CPU
		{C1369204-273D-4E84-B6C3-2CC0095FC36D}.Ad-Hoc|Mixed Platforms.Build.0 = Release|Any CPU
		{C1369204-273D-4E84-B6C3-2CC0095FC36D}.AppStore|Any CPU.ActiveCfg = Release|Any CPU
		{C1369204-273D-4E84-B6C3-2CC0095FC36D}.AppStore|Any CPU.Build.0 = Release|Any CPU
		{C1369204-273D-4E84-B6C3-2CC0095FC36D}.AppStore|iPhone.ActiveCfg = Release|Any CPU
		{C1369204-273D-4E84-B6C3-2CC0095FC36D}.AppStore|iPhoneSimulator.ActiveCfg = Release|Any CPU
		{C1369204-273D-4E84-B6C3-2CC0095FC36D}.AppStore|Mixed Platforms.ActiveCfg = Release|Any CPU
		{C1369204-273D-4E84-B6C3-2CC0095FC36D}.AppStore|Mixed Platforms.Build.0 = Release|Any CPU
		{C1369204-273D-4E84-B6C3-2CC0095FC36D}.Debug|Any CPU.ActiveCfg = Debug|Any CPU
		{C1369204-273D-4E84-B6C3-2CC0095FC36D}.Debug|Any CPU.Build.0 = Debug|Any CPU
		{C1369204-273D-4E84-B6C3-2CC0095FC36D}.Debug|iPhone.ActiveCfg = Debug|Any CPU
		{C1369204-273D-4E84-B6C3-2CC0095FC36D}.Debug|iPhoneSimulator.ActiveCfg = Debug|Any CPU
		{C1369204-273D-4E84-B6C3-2CC0095FC36D}.Debug|Mixed Platforms.ActiveCfg = Debug|Any CPU
		{C1369204-273D-4E84-B6C3-2CC0095FC36D}.Debug|Mixed Platforms.Build.0 = Debug|Any CPU
		{C1369204-273D-4E84-B6C3-2CC0095FC36D}.Release|Any CPU.ActiveCfg = Release|Any CPU
		{C1369204-273D-4E84-B6C3-2CC0095FC36D}.Release|Any CPU.Build.0 = Release|Any CPU
		{C1369204-273D-4E84-B6C3-2CC0095FC36D}.Release|iPhone.ActiveCfg = Release|Any CPU
		{C1369204-273D-4E84-B6C3-2CC0095FC36D}.Release|iPhoneSimulator.ActiveCfg = Release|Any CPU
		{C1369204-273D-4E84-B6C3-2CC0095FC36D}.Release|Mixed Platforms.ActiveCfg = Release|Any CPU
		{C1369204-273D-4E84-B6C3-2CC0095FC36D}.Release|Mixed Platforms.Build.0 = Release|Any CPU
		{D7F1897F-4C14-4A92-80EE-8004589C3142}.Ad-Hoc|Any CPU.ActiveCfg = Release|Any CPU
		{D7F1897F-4C14-4A92-80EE-8004589C3142}.Ad-Hoc|Any CPU.Build.0 = Release|Any CPU
		{D7F1897F-4C14-4A92-80EE-8004589C3142}.Ad-Hoc|iPhone.ActiveCfg = Release|Any CPU
		{D7F1897F-4C14-4A92-80EE-8004589C3142}.Ad-Hoc|iPhoneSimulator.ActiveCfg = Release|Any CPU
		{D7F1897F-4C14-4A92-80EE-8004589C3142}.Ad-Hoc|Mixed Platforms.ActiveCfg = Release|Any CPU
		{D7F1897F-4C14-4A92-80EE-8004589C3142}.Ad-Hoc|Mixed Platforms.Build.0 = Release|Any CPU
		{D7F1897F-4C14-4A92-80EE-8004589C3142}.AppStore|Any CPU.ActiveCfg = Release|Any CPU
		{D7F1897F-4C14-4A92-80EE-8004589C3142}.AppStore|Any CPU.Build.0 = Release|Any CPU
		{D7F1897F-4C14-4A92-80EE-8004589C3142}.AppStore|iPhone.ActiveCfg = Release|Any CPU
		{D7F1897F-4C14-4A92-80EE-8004589C3142}.AppStore|iPhoneSimulator.ActiveCfg = Release|Any CPU
		{D7F1897F-4C14-4A92-80EE-8004589C3142}.AppStore|Mixed Platforms.ActiveCfg = Release|Any CPU
		{D7F1897F-4C14-4A92-80EE-8004589C3142}.AppStore|Mixed Platforms.Build.0 = Release|Any CPU
		{D7F1897F-4C14-4A92-80EE-8004589C3142}.Debug|Any CPU.ActiveCfg = Debug|Any CPU
		{D7F1897F-4C14-4A92-80EE-8004589C3142}.Debug|Any CPU.Build.0 = Debug|Any CPU
		{D7F1897F-4C14-4A92-80EE-8004589C3142}.Debug|iPhone.ActiveCfg = Debug|Any CPU
		{D7F1897F-4C14-4A92-80EE-8004589C3142}.Debug|iPhoneSimulator.ActiveCfg = Debug|Any CPU
		{D7F1897F-4C14-4A92-80EE-8004589C3142}.Debug|Mixed Platforms.ActiveCfg = Debug|Any CPU
		{D7F1897F-4C14-4A92-80EE-8004589C3142}.Debug|Mixed Platforms.Build.0 = Debug|Any CPU
		{D7F1897F-4C14-4A92-80EE-8004589C3142}.Release|Any CPU.ActiveCfg = Release|Any CPU
		{D7F1897F-4C14-4A92-80EE-8004589C3142}.Release|Any CPU.Build.0 = Release|Any CPU
		{D7F1897F-4C14-4A92-80EE-8004589C3142}.Release|iPhone.ActiveCfg = Release|Any CPU
		{D7F1897F-4C14-4A92-80EE-8004589C3142}.Release|iPhoneSimulator.ActiveCfg = Release|Any CPU
		{D7F1897F-4C14-4A92-80EE-8004589C3142}.Release|Mixed Platforms.ActiveCfg = Release|Any CPU
		{D7F1897F-4C14-4A92-80EE-8004589C3142}.Release|Mixed Platforms.Build.0 = Release|Any CPU
		{A1E67B4B-664D-4855-8310-8DD65EE2012B}.Ad-Hoc|Any CPU.ActiveCfg = Release|Any CPU
		{A1E67B4B-664D-4855-8310-8DD65EE2012B}.Ad-Hoc|Any CPU.Build.0 = Release|Any CPU
		{A1E67B4B-664D-4855-8310-8DD65EE2012B}.Ad-Hoc|iPhone.ActiveCfg = Release|Any CPU
		{A1E67B4B-664D-4855-8310-8DD65EE2012B}.Ad-Hoc|iPhoneSimulator.ActiveCfg = Release|Any CPU
		{A1E67B4B-664D-4855-8310-8DD65EE2012B}.Ad-Hoc|Mixed Platforms.ActiveCfg = Release|Any CPU
		{A1E67B4B-664D-4855-8310-8DD65EE2012B}.Ad-Hoc|Mixed Platforms.Build.0 = Release|Any CPU
		{A1E67B4B-664D-4855-8310-8DD65EE2012B}.AppStore|Any CPU.ActiveCfg = Release|Any CPU
		{A1E67B4B-664D-4855-8310-8DD65EE2012B}.AppStore|Any CPU.Build.0 = Release|Any CPU
		{A1E67B4B-664D-4855-8310-8DD65EE2012B}.AppStore|iPhone.ActiveCfg = Release|Any CPU
		{A1E67B4B-664D-4855-8310-8DD65EE2012B}.AppStore|iPhoneSimulator.ActiveCfg = Release|Any CPU
		{A1E67B4B-664D-4855-8310-8DD65EE2012B}.AppStore|Mixed Platforms.ActiveCfg = Release|Any CPU
		{A1E67B4B-664D-4855-8310-8DD65EE2012B}.AppStore|Mixed Platforms.Build.0 = Release|Any CPU
		{A1E67B4B-664D-4855-8310-8DD65EE2012B}.Debug|Any CPU.ActiveCfg = Debug|Any CPU
		{A1E67B4B-664D-4855-8310-8DD65EE2012B}.Debug|Any CPU.Build.0 = Debug|Any CPU
		{A1E67B4B-664D-4855-8310-8DD65EE2012B}.Debug|iPhone.ActiveCfg = Debug|Any CPU
		{A1E67B4B-664D-4855-8310-8DD65EE2012B}.Debug|iPhoneSimulator.ActiveCfg = Debug|Any CPU
		{A1E67B4B-664D-4855-8310-8DD65EE2012B}.Debug|Mixed Platforms.ActiveCfg = Debug|Any CPU
		{A1E67B4B-664D-4855-8310-8DD65EE2012B}.Debug|Mixed Platforms.Build.0 = Debug|Any CPU
		{A1E67B4B-664D-4855-8310-8DD65EE2012B}.Release|Any CPU.ActiveCfg = Release|Any CPU
		{A1E67B4B-664D-4855-8310-8DD65EE2012B}.Release|Any CPU.Build.0 = Release|Any CPU
		{A1E67B4B-664D-4855-8310-8DD65EE2012B}.Release|iPhone.ActiveCfg = Release|Any CPU
		{A1E67B4B-664D-4855-8310-8DD65EE2012B}.Release|iPhoneSimulator.ActiveCfg = Release|Any CPU
		{A1E67B4B-664D-4855-8310-8DD65EE2012B}.Release|Mixed Platforms.ActiveCfg = Release|Any CPU
		{A1E67B4B-664D-4855-8310-8DD65EE2012B}.Release|Mixed Platforms.Build.0 = Release|Any CPU
	EndGlobalSection
	GlobalSection(SolutionProperties) = preSolution
		HideSolutionNode = FALSE
	EndGlobalSection
	GlobalSection(NestedProjects) = preSolution
		{49791D15-926F-4B4D-A6BD-26703CFE09ED} = {12DD4DC5-CEF0-4D89-9AD0-AFCA5DA023DE}
		{90486965-B3F6-472D-9C18-26AC4A15F657} = {58ECC696-DC14-45C2-9AF9-647C6FFA1291}
		{ABBD2AE0-E79B-4ABF-864A-F00475B5DF04} = {58ECC696-DC14-45C2-9AF9-647C6FFA1291}
		{C16FEEF1-9EFE-4716-9A55-F43936B9BB1E} = {90486965-B3F6-472D-9C18-26AC4A15F657}
		{D3041321-55D1-48A5-9B0F-9AACA8FF2B80} = {ABBD2AE0-E79B-4ABF-864A-F00475B5DF04}
		{52DBC983-85E1-4048-8E88-5C4F4038C500} = {74097A4D-AE4B-4FB1-A12D-15D8A2F2A8D8}
		{09EB7E31-D4BF-4D3F-A33D-799A3E189B29} = {15B38D55-0F1C-4D1A-8588-CB909BADAB39}
		{CD9EBE3F-8EBB-4B91-8171-8450EE694EC1} = {30E3BA57-BFCB-4996-8ACD-66BEE71FCDEE}
		{8E6CBDED-C048-4CDF-BCE0-D444B1ED149D} = {7F5B591D-1D30-40EF-9A4B-7BAE93CEAF93}
		{9D6F1DA5-EDB2-45FF-B355-0F391F8ED7DC} = {814C4A9D-D726-4791-9C28-D988CD44200B}
		{EBB78299-2E06-47D8-A841-8AD65149E10B} = {74097A4D-AE4B-4FB1-A12D-15D8A2F2A8D8}
		{FD8CB7BC-0328-4C00-BB44-C5723B356FEC} = {7F5B591D-1D30-40EF-9A4B-7BAE93CEAF93}
		{B35664F4-1135-47AB-9271-0174D9E0A49E} = {30E3BA57-BFCB-4996-8ACD-66BEE71FCDEE}
		{7F5B591D-1D30-40EF-9A4B-7BAE93CEAF93} = {719139C1-2D08-47E3-8103-1E185C704556}
		{129ECD58-E1DF-4073-838D-B2EA55E4B402} = {30E3BA57-BFCB-4996-8ACD-66BEE71FCDEE}
		{8F2635BE-E5B5-4F84-8C63-D5952F2B50EC} = {719139C1-2D08-47E3-8103-1E185C704556}
		{67F9D3A8-F71E-4428-913F-C37AE82CDB24} = {30E3BA57-BFCB-4996-8ACD-66BEE71FCDEE}
		{54B131CA-BD8A-40D3-9B15-D7BDB96542C3} = {8F2635BE-E5B5-4F84-8C63-D5952F2B50EC}
		{965391EA-0685-4E49-86EA-BE8B72D76821} = {8F2635BE-E5B5-4F84-8C63-D5952F2B50EC}
		{A103B7AD-86A0-4B87-80C7-57FAE99ACB66} = {8F2635BE-E5B5-4F84-8C63-D5952F2B50EC}
		{B99184DB-C757-4A8D-83C0-56D45D747D77} = {719139C1-2D08-47E3-8103-1E185C704556}
		{966A4BC7-E954-40EF-B1DC-A0CB18AD719F} = {B99184DB-C757-4A8D-83C0-56D45D747D77}
		{C1369204-273D-4E84-B6C3-2CC0095FC36D} = {B99184DB-C757-4A8D-83C0-56D45D747D77}
		{74097A4D-AE4B-4FB1-A12D-15D8A2F2A8D8} = {814C4A9D-D726-4791-9C28-D988CD44200B}
		{661F02E2-0C7C-4A7B-BD85-1EF265E7283C} = {814C4A9D-D726-4791-9C28-D988CD44200B}
		{D7F1897F-4C14-4A92-80EE-8004589C3142} = {661F02E2-0C7C-4A7B-BD85-1EF265E7283C}
		{A1E67B4B-664D-4855-8310-8DD65EE2012B} = {661F02E2-0C7C-4A7B-BD85-1EF265E7283C}
	EndGlobalSection
EndGlobal
